
Microsoft Visual Studio Solution File, Format Version 12.00
# Visual Studio Version 16
VisualStudioVersion = 16.0.31911.196
MinimumVisualStudioVersion = 10.0.40219.1
Project("{FAE04EC0-301F-11D3-BF4B-00C04F79EFBC}") = "HRIS", "HRIS\HRIS.csproj", "{CA18DE98-FE98-4F14-B45F-8E5F62B45DE0}"
EndProject
Global
	GlobalSection(SolutionConfigurationPlatforms) = preSolution
		Debug|Any CPU = Debug|Any CPU
		Release|Any CPU = Release|Any CPU
	EndGlobalSection
	GlobalSection(ProjectConfigurationPlatforms) = postSolution
		{CA18DE98-FE98-4F14-B45F-8E5F62B45DE0}.Debug|Any CPU.ActiveCfg = Debug|Any CPU
		{CA18DE98-FE98-4F14-B45F-8E5F62B45DE0}.Debug|Any CPU.Build.0 = Debug|Any CPU
		{CA18DE98-FE98-4F14-B45F-8E5F62B45DE0}.Release|Any CPU.ActiveCfg = Release|Any CPU
		{CA18DE98-FE98-4F14-B45F-8E5F62B45DE0}.Release|Any CPU.Build.0 = Release|Any CPU
	EndGlobalSection
	GlobalSection(SolutionProperties) = preSolution
		HideSolutionNode = FALSE
	EndGlobalSection
	GlobalSection(ExtensibilityGlobals) = postSolution
		SolutionGuid = {A7D76AF4-75BB-4265-AB90-558C50B617BC}
	EndGlobalSection
EndGlobal
